
Microsoft Visual Studio Solution File, Format Version 12.00
# Visual Studio Version 16
VisualStudioVersion = 25.0.1704.2
MinimumVisualStudioVersion = 10.0.40219.1
Project("{FAE04EC0-301F-11D3-BF4B-00C04F79EFBC}") = "Transkript", "Transkript\Transkript.csproj", "{014A20FA-C26E-4F97-88A5-386639365E9F}"
EndProject
Global
	GlobalSection(SolutionConfigurationPlatforms) = preSolution
		Debug|Any CPU = Debug|Any CPU
		Release|Any CPU = Release|Any CPU
	EndGlobalSection
	GlobalSection(ProjectConfigurationPlatforms) = postSolution
		{014A20FA-C26E-4F97-88A5-386639365E9F}.Debug|Any CPU.ActiveCfg = Debug|Any CPU
		{014A20FA-C26E-4F97-88A5-386639365E9F}.Debug|Any CPU.Build.0 = Debug|Any CPU
		{014A20FA-C26E-4F97-88A5-386639365E9F}.Release|Any CPU.ActiveCfg = Release|Any CPU
		{014A20FA-C26E-4F97-88A5-386639365E9F}.Release|Any CPU.Build.0 = Release|Any CPU
	EndGlobalSection
	GlobalSection(SolutionProperties) = preSolution
		HideSolutionNode = FALSE
	EndGlobalSection
	GlobalSection(ExtensibilityGlobals) = postSolution
		SolutionGuid = {E4861726-0597-4F30-8D2F-B6244974DB3B}
	EndGlobalSection
EndGlobal
